
Microsoft Visual Studio Solution File, Format Version 12.00
# Visual Studio 14
VisualStudioVersion = 14.0.25420.1
MinimumVisualStudioVersion = 10.0.40219.1
Project("{FAE04EC0-301F-11D3-BF4B-00C04F79EFBC}") = "ChineseTTTranslation", "ChineseTTTranslation.csproj", "{9CA74C62-C279-4C9B-A542-5F686109EA18}"
EndProject
Project("{FAE04EC0-301F-11D3-BF4B-00C04F79EFBC}") = "ChineseTTCodeToChinese", "..\ChineseTTCodeToChinese\ChineseTTCodeToChinese.csproj", "{EE0ED287-E6BE-4FC0-B816-00D4C50B726B}"
EndProject
Global
	GlobalSection(SolutionConfigurationPlatforms) = preSolution
		Debug|Any CPU = Debug|Any CPU
		Release|Any CPU = Release|Any CPU
	EndGlobalSection
	GlobalSection(ProjectConfigurationPlatforms) = postSolution
		{9CA74C62-C279-4C9B-A542-5F686109EA18}.Debug|Any CPU.ActiveCfg = Debug|Any CPU
		{9CA74C62-C279-4C9B-A542-5F686109EA18}.Debug|Any CPU.Build.0 = Debug|Any CPU
		{9CA74C62-C279-4C9B-A542-5F686109EA18}.Release|Any CPU.ActiveCfg = Release|Any CPU
		{9CA74C62-C279-4C9B-A542-5F686109EA18}.Release|Any CPU.Build.0 = Release|Any CPU
		{EE0ED287-E6BE-4FC0-B816-00D4C50B726B}.Debug|Any CPU.ActiveCfg = Debug|Any CPU
		{EE0ED287-E6BE-4FC0-B816-00D4C50B726B}.Debug|Any CPU.Build.0 = Debug|Any CPU
		{EE0ED287-E6BE-4FC0-B816-00D4C50B726B}.Release|Any CPU.ActiveCfg = Release|Any CPU
		{EE0ED287-E6BE-4FC0-B816-00D4C50B726B}.Release|Any CPU.Build.0 = Release|Any CPU
	EndGlobalSection
	GlobalSection(SolutionProperties) = preSolution
		HideSolutionNode = FALSE
	EndGlobalSection
EndGlobal
